
Microsoft Visual Studio Solution File, Format Version 12.00
# Visual Studio 15
Project("{FAE04EC0-301F-11D3-BF4B-00C04F79EFBC}") = "Unity.XR.Interaction.Toolkit.Samples.StarterAssets", "Unity.XR.Interaction.Toolkit.Samples.StarterAssets.csproj", "{E16945D1-4FB7-A64E-28E9-E782C455BCEE}"
EndProject
Project("{FAE04EC0-301F-11D3-BF4B-00C04F79EFBC}") = "Unity.XR.Interaction.Toolkit.Samples.DeviceSimulator", "Unity.XR.Interaction.Toolkit.Samples.DeviceSimulator.csproj", "{223AF42F-92A4-7390-BD96-3F7D343DC381}"
EndProject
Project("{FAE04EC0-301F-11D3-BF4B-00C04F79EFBC}") = "Unity.XR.Interaction.Toolkit.Samples.StarterAssets.Editor", "Unity.XR.Interaction.Toolkit.Samples.StarterAssets.Editor.csproj", "{F610D044-03F8-6DAE-1456-3171491144D7}"
EndProject
Global
	GlobalSection(SolutionConfigurationPlatforms) = preSolution
		Debug|Any CPU = Debug|Any CPU
		Release|Any CPU = Release|Any CPU
	EndGlobalSection
	GlobalSection(ProjectConfigurationPlatforms) = postSolution
		{E16945D1-4FB7-A64E-28E9-E782C455BCEE}.Debug|Any CPU.ActiveCfg = Debug|Any CPU
		{E16945D1-4FB7-A64E-28E9-E782C455BCEE}.Debug|Any CPU.Build.0 = Debug|Any CPU
		{E16945D1-4FB7-A64E-28E9-E782C455BCEE}.Release|Any CPU.ActiveCfg = Release|Any CPU
		{E16945D1-4FB7-A64E-28E9-E782C455BCEE}.Release|Any CPU.Build.0 = Release|Any CPU
		{223AF42F-92A4-7390-BD96-3F7D343DC381}.Debug|Any CPU.ActiveCfg = Debug|Any CPU
		{223AF42F-92A4-7390-BD96-3F7D343DC381}.Debug|Any CPU.Build.0 = Debug|Any CPU
		{223AF42F-92A4-7390-BD96-3F7D343DC381}.Release|Any CPU.ActiveCfg = Release|Any CPU
		{223AF42F-92A4-7390-BD96-3F7D343DC381}.Release|Any CPU.Build.0 = Release|Any CPU
		{F610D044-03F8-6DAE-1456-3171491144D7}.Debug|Any CPU.ActiveCfg = Debug|Any CPU
		{F610D044-03F8-6DAE-1456-3171491144D7}.Debug|Any CPU.Build.0 = Debug|Any CPU
		{F610D044-03F8-6DAE-1456-3171491144D7}.Release|Any CPU.ActiveCfg = Release|Any CPU
		{F610D044-03F8-6DAE-1456-3171491144D7}.Release|Any CPU.Build.0 = Release|Any CPU
	EndGlobalSection
	GlobalSection(SolutionProperties) = preSolution
		HideSolutionNode = FALSE
	EndGlobalSection
EndGlobal
